// !$*UTF8*$!
{
	archiveVersion = 1;
	classes = {
	};
	objectVersion = 55;
	objects = {

/* Begin PBXBuildFile section */
		41BE2E6128931B0D00A214EF /* OdorMeanChey.ttf in Resources */ = {isa = PBXBuildFile; fileRef = 41BE2E6028931B0D00A214EF /* OdorMeanChey.ttf */; };
		41BE2E6C28931DDB00A214EF /* Merriweather-Italic.otf in Resources */ = {isa = PBXBuildFile; fileRef = 41BE2E6428931DDB00A214EF /* Merriweather-Italic.otf */; };
		41BE2E6D28931DDB00A214EF /* Merriweather-LightItalic.otf in Resources */ = {isa = PBXBuildFile; fileRef = 41BE2E6528931DDB00A214EF /* Merriweather-LightItalic.otf */; };
		41BE2E6E28931DDB00A214EF /* Merriweather-Regular.otf in Resources */ = {isa = PBXBuildFile; fileRef = 41BE2E6628931DDB00A214EF /* Merriweather-Regular.otf */; };
		41BE2E6F28931DDB00A214EF /* Merriweather-BlackItalic.otf in Resources */ = {isa = PBXBuildFile; fileRef = 41BE2E6728931DDB00A214EF /* Merriweather-BlackItalic.otf */; };
		41BE2E7028931DDB00A214EF /* Merriweather-Black.otf in Resources */ = {isa = PBXBuildFile; fileRef = 41BE2E6828931DDB00A214EF /* Merriweather-Black.otf */; };
		41BE2E7128931DDB00A214EF /* Merriweather-Bold.otf in Resources */ = {isa = PBXBuildFile; fileRef = 41BE2E6928931DDB00A214EF /* Merriweather-Bold.otf */; };
		41BE2E7228931DDB00A214EF /* Merriweather-BoldItalic.otf in Resources */ = {isa = PBXBuildFile; fileRef = 41BE2E6A28931DDB00A214EF /* Merriweather-BoldItalic.otf */; };
		41BE2E7328931DDB00A214EF /* Merriweather-Light.otf in Resources */ = {isa = PBXBuildFile; fileRef = 41BE2E6B28931DDB00A214EF /* Merriweather-Light.otf */; };
		9D1BB7D4289336F10079419A /* SignIn.storyboard in Resources */ = {isa = PBXBuildFile; fileRef = 9D1BB7D3289336F10079419A /* SignIn.storyboard */; };
		9D1BB7D7289354D20079419A /* SignInViewController.swift in Sources */ = {isa = PBXBuildFile; fileRef = 9D1BB7D6289354D20079419A /* SignInViewController.swift */; };
		9D76E8DE28984323001D03F1 /* Tourney.storyboard in Resources */ = {isa = PBXBuildFile; fileRef = 9D76E8DD28984323001D03F1 /* Tourney.storyboard */; };
		9DF3D5BA2899F63800A64583 /* User.swift in Sources */ = {isa = PBXBuildFile; fileRef = 9DF3D5B92899F63800A64583 /* User.swift */; };
		ED8D008A289838D600075CB4 /* ChatViewController.swift in Sources */ = {isa = PBXBuildFile; fileRef = ED8D0089289838D600075CB4 /* ChatViewController.swift */; };
		ED8D0090289844B900075CB4 /* ScorecardViewController.swift in Sources */ = {isa = PBXBuildFile; fileRef = ED8D008F289844B900075CB4 /* ScorecardViewController.swift */; };
		EDA9284A2891AABA0038BC34 /* AppDelegate.swift in Sources */ = {isa = PBXBuildFile; fileRef = EDA928492891AABA0038BC34 /* AppDelegate.swift */; };
		EDA9284C2891AABA0038BC34 /* SceneDelegate.swift in Sources */ = {isa = PBXBuildFile; fileRef = EDA9284B2891AABA0038BC34 /* SceneDelegate.swift */; };
		EDA928532891AABB0038BC34 /* Assets.xcassets in Resources */ = {isa = PBXBuildFile; fileRef = EDA928522891AABB0038BC34 /* Assets.xcassets */; };
		EDA928562891AABB0038BC34 /* LaunchScreen.storyboard in Resources */ = {isa = PBXBuildFile; fileRef = EDA928542891AABB0038BC34 /* LaunchScreen.storyboard */; };
		EDB236E82892D85100D0E96B /* TabBarController.storyboard in Resources */ = {isa = PBXBuildFile; fileRef = EDB236E72892D85100D0E96B /* TabBarController.storyboard */; };
		EDB236EE2892D96100D0E96B /* Play.storyboard in Resources */ = {isa = PBXBuildFile; fileRef = EDB236ED2892D96100D0E96B /* Play.storyboard */; };
		EDB236F02892D96E00D0E96B /* Leaderboard.storyboard in Resources */ = {isa = PBXBuildFile; fileRef = EDB236EF2892D96E00D0E96B /* Leaderboard.storyboard */; };
		EDB236F22892D97900D0E96B /* Chat.storyboard in Resources */ = {isa = PBXBuildFile; fileRef = EDB236F12892D97900D0E96B /* Chat.storyboard */; };
		EDB236F42892D98C00D0E96B /* Scorecard.storyboard in Resources */ = {isa = PBXBuildFile; fileRef = EDB236F32892D98C00D0E96B /* Scorecard.storyboard */; };
		EDB236F62892E16000D0E96B /* Main.storyboard in Resources */ = {isa = PBXBuildFile; fileRef = EDB236F52892E16000D0E96B /* Main.storyboard */; };
		EDB2370A289376E000D0E96B /* NumberOfHolesAlertView.xib in Resources */ = {isa = PBXBuildFile; fileRef = EDB23708289376E000D0E96B /* NumberOfHolesAlertView.xib */; };
		EDB2370B289376E000D0E96B /* AlertPinView.xib in Resources */ = {isa = PBXBuildFile; fileRef = EDB23709289376E000D0E96B /* AlertPinView.xib */; };
/* End PBXBuildFile section */

/* Begin PBXFileReference section */
		41BE2E6028931B0D00A214EF /* OdorMeanChey.ttf */ = {isa = PBXFileReference; lastKnownFileType = file; path = OdorMeanChey.ttf; sourceTree = "<group>"; };
		41BE2E6428931DDB00A214EF /* Merriweather-Italic.otf */ = {isa = PBXFileReference; lastKnownFileType = file; path = "Merriweather-Italic.otf"; sourceTree = "<group>"; };
		41BE2E6528931DDB00A214EF /* Merriweather-LightItalic.otf */ = {isa = PBXFileReference; lastKnownFileType = file; path = "Merriweather-LightItalic.otf"; sourceTree = "<group>"; };
		41BE2E6628931DDB00A214EF /* Merriweather-Regular.otf */ = {isa = PBXFileReference; lastKnownFileType = file; path = "Merriweather-Regular.otf"; sourceTree = "<group>"; };
		41BE2E6728931DDB00A214EF /* Merriweather-BlackItalic.otf */ = {isa = PBXFileReference; lastKnownFileType = file; path = "Merriweather-BlackItalic.otf"; sourceTree = "<group>"; };
		41BE2E6828931DDB00A214EF /* Merriweather-Black.otf */ = {isa = PBXFileReference; lastKnownFileType = file; path = "Merriweather-Black.otf"; sourceTree = "<group>"; };
		41BE2E6928931DDB00A214EF /* Merriweather-Bold.otf */ = {isa = PBXFileReference; lastKnownFileType = file; path = "Merriweather-Bold.otf"; sourceTree = "<group>"; };
		41BE2E6A28931DDB00A214EF /* Merriweather-BoldItalic.otf */ = {isa = PBXFileReference; lastKnownFileType = file; path = "Merriweather-BoldItalic.otf"; sourceTree = "<group>"; };
		41BE2E6B28931DDB00A214EF /* Merriweather-Light.otf */ = {isa = PBXFileReference; lastKnownFileType = file; path = "Merriweather-Light.otf"; sourceTree = "<group>"; };
		9D1BB7D3289336F10079419A /* SignIn.storyboard */ = {isa = PBXFileReference; lastKnownFileType = file.storyboard; path = SignIn.storyboard; sourceTree = "<group>"; };
		9D1BB7D6289354D20079419A /* SignInViewController.swift */ = {isa = PBXFileReference; lastKnownFileType = sourcecode.swift; path = SignInViewController.swift; sourceTree = "<group>"; };
		9D76E8DD28984323001D03F1 /* Tourney.storyboard */ = {isa = PBXFileReference; lastKnownFileType = file.storyboard; path = Tourney.storyboard; sourceTree = "<group>"; };
		9DF3D5B92899F63800A64583 /* User.swift */ = {isa = PBXFileReference; lastKnownFileType = sourcecode.swift; path = User.swift; sourceTree = "<group>"; };
		ED8D0089289838D600075CB4 /* ChatViewController.swift */ = {isa = PBXFileReference; lastKnownFileType = sourcecode.swift; path = ChatViewController.swift; sourceTree = "<group>"; };
		ED8D008F289844B900075CB4 /* ScorecardViewController.swift */ = {isa = PBXFileReference; lastKnownFileType = sourcecode.swift; path = ScorecardViewController.swift; sourceTree = "<group>"; };
		EDA928462891AABA0038BC34 /* Birdie Golf.app */ = {isa = PBXFileReference; explicitFileType = wrapper.application; includeInIndex = 0; path = "Birdie Golf.app"; sourceTree = BUILT_PRODUCTS_DIR; };
		EDA928492891AABA0038BC34 /* AppDelegate.swift */ = {isa = PBXFileReference; lastKnownFileType = sourcecode.swift; path = AppDelegate.swift; sourceTree = "<group>"; };
		EDA9284B2891AABA0038BC34 /* SceneDelegate.swift */ = {isa = PBXFileReference; lastKnownFileType = sourcecode.swift; path = SceneDelegate.swift; sourceTree = "<group>"; };
		EDA928522891AABB0038BC34 /* Assets.xcassets */ = {isa = PBXFileReference; lastKnownFileType = folder.assetcatalog; path = Assets.xcassets; sourceTree = "<group>"; };
		EDA928552891AABB0038BC34 /* Base */ = {isa = PBXFileReference; lastKnownFileType = file.storyboard; name = Base; path = Base.lproj/LaunchScreen.storyboard; sourceTree = "<group>"; };
		EDA928572891AABB0038BC34 /* Info.plist */ = {isa = PBXFileReference; lastKnownFileType = text.plist.xml; path = Info.plist; sourceTree = "<group>"; };
		EDB236E72892D85100D0E96B /* TabBarController.storyboard */ = {isa = PBXFileReference; lastKnownFileType = file.storyboard; path = TabBarController.storyboard; sourceTree = "<group>"; };
		EDB236ED2892D96100D0E96B /* Play.storyboard */ = {isa = PBXFileReference; lastKnownFileType = file.storyboard; path = Play.storyboard; sourceTree = "<group>"; };
		EDB236EF2892D96E00D0E96B /* Leaderboard.storyboard */ = {isa = PBXFileReference; lastKnownFileType = file.storyboard; path = Leaderboard.storyboard; sourceTree = "<group>"; };
		EDB236F12892D97900D0E96B /* Chat.storyboard */ = {isa = PBXFileReference; lastKnownFileType = file.storyboard; path = Chat.storyboard; sourceTree = "<group>"; };
		EDB236F32892D98C00D0E96B /* Scorecard.storyboard */ = {isa = PBXFileReference; lastKnownFileType = file.storyboard; path = Scorecard.storyboard; sourceTree = "<group>"; };
		EDB236F52892E16000D0E96B /* Main.storyboard */ = {isa = PBXFileReference; lastKnownFileType = file.storyboard; path = Main.storyboard; sourceTree = "<group>"; };
		EDB23708289376E000D0E96B /* NumberOfHolesAlertView.xib */ = {isa = PBXFileReference; fileEncoding = 4; lastKnownFileType = file.xib; path = NumberOfHolesAlertView.xib; sourceTree = "<group>"; };
		EDB23709289376E000D0E96B /* AlertPinView.xib */ = {isa = PBXFileReference; fileEncoding = 4; lastKnownFileType = file.xib; path = AlertPinView.xib; sourceTree = "<group>"; };
/* End PBXFileReference section */

/* Begin PBXFrameworksBuildPhase section */
		EDA928432891AABA0038BC34 /* Frameworks */ = {
			isa = PBXFrameworksBuildPhase;
			buildActionMask = 2147483647;
			files = (
			);
			runOnlyForDeploymentPostprocessing = 0;
		};
/* End PBXFrameworksBuildPhase section */

/* Begin PBXGroup section */
		41BE2E5C2893197B00A214EF /* Fonts */ = {
			isa = PBXGroup;
			children = (
				41BE2E6328931D9500A214EF /* Merriweather */,
				41BE2E6228931D7F00A214EF /* OdorMeanChey */,
			);
			path = Fonts;
			sourceTree = "<group>";
		};
		41BE2E6228931D7F00A214EF /* OdorMeanChey */ = {
			isa = PBXGroup;
			children = (
				41BE2E6028931B0D00A214EF /* OdorMeanChey.ttf */,
			);
			path = OdorMeanChey;
			sourceTree = "<group>";
		};
		41BE2E6328931D9500A214EF /* Merriweather */ = {
			isa = PBXGroup;
			children = (
				41BE2E6828931DDB00A214EF /* Merriweather-Black.otf */,
				41BE2E6728931DDB00A214EF /* Merriweather-BlackItalic.otf */,
				41BE2E6928931DDB00A214EF /* Merriweather-Bold.otf */,
				41BE2E6A28931DDB00A214EF /* Merriweather-BoldItalic.otf */,
				41BE2E6428931DDB00A214EF /* Merriweather-Italic.otf */,
				41BE2E6B28931DDB00A214EF /* Merriweather-Light.otf */,
				41BE2E6528931DDB00A214EF /* Merriweather-LightItalic.otf */,
				41BE2E6628931DDB00A214EF /* Merriweather-Regular.otf */,
			);
			path = Merriweather;
			sourceTree = "<group>";
		};
		9D1BB7D5289354990079419A /* SignInScreenView */ = {
			isa = PBXGroup;
			children = (
				9D1BB7D6289354D20079419A /* SignInViewController.swift */,
			);
			path = SignInScreenView;
			sourceTree = "<group>";
		};
		9DF3D5B82899F61C00A64583 /* Models */ = {
			isa = PBXGroup;
			children = (
				9DF3D5B92899F63800A64583 /* User.swift */,
			);
			path = Models;
			sourceTree = "<group>";
		};
		ED8D00862898385500075CB4 /* Chat */ = {
			isa = PBXGroup;
			children = (
				ED8D0089289838D600075CB4 /* ChatViewController.swift */,
			);
			path = Chat;
			sourceTree = "<group>";
		};
		ED8D008E289844A100075CB4 /* Scorecard */ = {
			isa = PBXGroup;
			children = (
				ED8D008F289844B900075CB4 /* ScorecardViewController.swift */,
			);
			path = Scorecard;
			sourceTree = "<group>";
		};
		EDA9283D2891AABA0038BC34 = {
			isa = PBXGroup;
			children = (
				EDA928482891AABA0038BC34 /* Birdie Golf */,
				EDA928472891AABA0038BC34 /* Products */,
			);
			sourceTree = "<group>";
		};
		EDA928472891AABA0038BC34 /* Products */ = {
			isa = PBXGroup;
			children = (
				EDA928462891AABA0038BC34 /* Birdie Golf.app */,
			);
			name = Products;
			sourceTree = "<group>";
		};
		EDA928482891AABA0038BC34 /* Birdie Golf */ = {
			isa = PBXGroup;
			children = (
				9DF3D5B82899F61C00A64583 /* Models */,
				ED8D008E289844A100075CB4 /* Scorecard */,
				ED8D00862898385500075CB4 /* Chat */,
				9D1BB7D5289354990079419A /* SignInScreenView */,
				EDB2370C289376E700D0E96B /* Alert Nibs */,
				41BE2E5C2893197B00A214EF /* Fonts */,
				EDAB2E0D2892D51B00E58DA3 /* Storyboards */,
				EDAB2E072892D27500E58DA3 /* Resources */,
			);
			path = "Birdie Golf";
			sourceTree = "<group>";
		};
		EDAB2E072892D27500E58DA3 /* Resources */ = {
			isa = PBXGroup;
			children = (
				EDA928492891AABA0038BC34 /* AppDelegate.swift */,
				EDA9284B2891AABA0038BC34 /* SceneDelegate.swift */,
				EDA928522891AABB0038BC34 /* Assets.xcassets */,
				EDA928572891AABB0038BC34 /* Info.plist */,
				EDA928542891AABB0038BC34 /* LaunchScreen.storyboard */,
			);
			path = Resources;
			sourceTree = "<group>";
		};
		EDAB2E0D2892D51B00E58DA3 /* Storyboards */ = {
			isa = PBXGroup;
			children = (
				EDB236F52892E16000D0E96B /* Main.storyboard */,
				EDB236E72892D85100D0E96B /* TabBarController.storyboard */,
				EDB236ED2892D96100D0E96B /* Play.storyboard */,
				EDB236EF2892D96E00D0E96B /* Leaderboard.storyboard */,
				EDB236F12892D97900D0E96B /* Chat.storyboard */,
				EDB236F32892D98C00D0E96B /* Scorecard.storyboard */,
				9D1BB7D3289336F10079419A /* SignIn.storyboard */,
				9D76E8DD28984323001D03F1 /* Tourney.storyboard */,
			);
			path = Storyboards;
			sourceTree = "<group>";
		};
		EDB2370C289376E700D0E96B /* Alert Nibs */ = {
			isa = PBXGroup;
			children = (
				EDB23709289376E000D0E96B /* AlertPinView.xib */,
				EDB23708289376E000D0E96B /* NumberOfHolesAlertView.xib */,
			);
			path = "Alert Nibs";
			sourceTree = "<group>";
		};
/* End PBXGroup section */

/* Begin PBXNativeTarget section */
		EDA928452891AABA0038BC34 /* Birdie Golf */ = {
			isa = PBXNativeTarget;
			buildConfigurationList = EDA9285A2891AABB0038BC34 /* Build configuration list for PBXNativeTarget "Birdie Golf" */;
			buildPhases = (
				EDA928422891AABA0038BC34 /* Sources */,
				EDA928432891AABA0038BC34 /* Frameworks */,
				EDA928442891AABA0038BC34 /* Resources */,
			);
			buildRules = (
			);
			dependencies = (
			);
			name = "Birdie Golf";
			productName = "Birdie Golf";
			productReference = EDA928462891AABA0038BC34 /* Birdie Golf.app */;
			productType = "com.apple.product-type.application";
		};
/* End PBXNativeTarget section */

/* Begin PBXProject section */
		EDA9283E2891AABA0038BC34 /* Project object */ = {
			isa = PBXProject;
			attributes = {
				BuildIndependentTargetsInParallel = 1;
				LastSwiftUpdateCheck = 1340;
				LastUpgradeCheck = 1340;
				TargetAttributes = {
					EDA928452891AABA0038BC34 = {
						CreatedOnToolsVersion = 13.4.1;
					};
				};
			};
			buildConfigurationList = EDA928412891AABA0038BC34 /* Build configuration list for PBXProject "Birdie Golf" */;
			compatibilityVersion = "Xcode 13.0";
			developmentRegion = en;
			hasScannedForEncodings = 0;
			knownRegions = (
				en,
				Base,
			);
			mainGroup = EDA9283D2891AABA0038BC34;
			productRefGroup = EDA928472891AABA0038BC34 /* Products */;
			projectDirPath = "";
			projectRoot = "";
			targets = (
				EDA928452891AABA0038BC34 /* Birdie Golf */,
			);
		};
/* End PBXProject section */

/* Begin PBXResourcesBuildPhase section */
		EDA928442891AABA0038BC34 /* Resources */ = {
			isa = PBXResourcesBuildPhase;
			buildActionMask = 2147483647;
			files = (
				EDB236F22892D97900D0E96B /* Chat.storyboard in Resources */,
				EDB236F42892D98C00D0E96B /* Scorecard.storyboard in Resources */,
				EDB236F02892D96E00D0E96B /* Leaderboard.storyboard in Resources */,
				EDB236F62892E16000D0E96B /* Main.storyboard in Resources */,
				9D1BB7D4289336F10079419A /* SignIn.storyboard in Resources */,
				41BE2E7028931DDB00A214EF /* Merriweather-Black.otf in Resources */,
				9D76E8DE28984323001D03F1 /* Tourney.storyboard in Resources */,
				41BE2E7228931DDB00A214EF /* Merriweather-BoldItalic.otf in Resources */,
				EDB2370B289376E000D0E96B /* AlertPinView.xib in Resources */,
				41BE2E7328931DDB00A214EF /* Merriweather-Light.otf in Resources */,
				EDA928562891AABB0038BC34 /* LaunchScreen.storyboard in Resources */,
				EDA928532891AABB0038BC34 /* Assets.xcassets in Resources */,
				EDB2370A289376E000D0E96B /* NumberOfHolesAlertView.xib in Resources */,
				41BE2E6D28931DDB00A214EF /* Merriweather-LightItalic.otf in Resources */,
				EDB236E82892D85100D0E96B /* TabBarController.storyboard in Resources */,
				41BE2E6128931B0D00A214EF /* OdorMeanChey.ttf in Resources */,
				41BE2E6E28931DDB00A214EF /* Merriweather-Regular.otf in Resources */,
				41BE2E6C28931DDB00A214EF /* Merriweather-Italic.otf in Resources */,
				41BE2E7128931DDB00A214EF /* Merriweather-Bold.otf in Resources */,
				41BE2E6F28931DDB00A214EF /* Merriweather-BlackItalic.otf in Resources */,
				EDB236EE2892D96100D0E96B /* Play.storyboard in Resources */,
			);
			runOnlyForDeploymentPostprocessing = 0;
		};
/* End PBXResourcesBuildPhase section */

/* Begin PBXSourcesBuildPhase section */
		EDA928422891AABA0038BC34 /* Sources */ = {
			isa = PBXSourcesBuildPhase;
			buildActionMask = 2147483647;
			files = (
				EDA9284A2891AABA0038BC34 /* AppDelegate.swift in Sources */,
				EDA9284C2891AABA0038BC34 /* SceneDelegate.swift in Sources */,
				9DF3D5BA2899F63800A64583 /* User.swift in Sources */,
				ED8D008A289838D600075CB4 /* ChatViewController.swift in Sources */,
				9D1BB7D7289354D20079419A /* SignInViewController.swift in Sources */,
				ED8D0090289844B900075CB4 /* ScorecardViewController.swift in Sources */,
			);
			runOnlyForDeploymentPostprocessing = 0;
		};
/* End PBXSourcesBuildPhase section */

/* Begin PBXVariantGroup section */
		EDA928542891AABB0038BC34 /* LaunchScreen.storyboard */ = {
			isa = PBXVariantGroup;
			children = (
				EDA928552891AABB0038BC34 /* Base */,
			);
			name = LaunchScreen.storyboard;
			sourceTree = "<group>";
		};
/* End PBXVariantGroup section */

/* Begin XCBuildConfiguration section */
		EDA928582891AABB0038BC34 /* Debug */ = {
			isa = XCBuildConfiguration;
			buildSettings = {
				ALWAYS_SEARCH_USER_PATHS = NO;
				CLANG_ANALYZER_NONNULL = YES;
				CLANG_ANALYZER_NUMBER_OBJECT_CONVERSION = YES_AGGRESSIVE;
				CLANG_CXX_LANGUAGE_STANDARD = "gnu++17";
				CLANG_ENABLE_MODULES = YES;
				CLANG_ENABLE_OBJC_ARC = YES;
				CLANG_ENABLE_OBJC_WEAK = YES;
				CLANG_WARN_BLOCK_CAPTURE_AUTORELEASING = YES;
				CLANG_WARN_BOOL_CONVERSION = YES;
				CLANG_WARN_COMMA = YES;
				CLANG_WARN_CONSTANT_CONVERSION = YES;
				CLANG_WARN_DEPRECATED_OBJC_IMPLEMENTATIONS = YES;
				CLANG_WARN_DIRECT_OBJC_ISA_USAGE = YES_ERROR;
				CLANG_WARN_DOCUMENTATION_COMMENTS = YES;
				CLANG_WARN_EMPTY_BODY = YES;
				CLANG_WARN_ENUM_CONVERSION = YES;
				CLANG_WARN_INFINITE_RECURSION = YES;
				CLANG_WARN_INT_CONVERSION = YES;
				CLANG_WARN_NON_LITERAL_NULL_CONVERSION = YES;
				CLANG_WARN_OBJC_IMPLICIT_RETAIN_SELF = YES;
				CLANG_WARN_OBJC_LITERAL_CONVERSION = YES;
				CLANG_WARN_OBJC_ROOT_CLASS = YES_ERROR;
				CLANG_WARN_QUOTED_INCLUDE_IN_FRAMEWORK_HEADER = YES;
				CLANG_WARN_RANGE_LOOP_ANALYSIS = YES;
				CLANG_WARN_STRICT_PROTOTYPES = YES;
				CLANG_WARN_SUSPICIOUS_MOVE = YES;
				CLANG_WARN_UNGUARDED_AVAILABILITY = YES_AGGRESSIVE;
				CLANG_WARN_UNREACHABLE_CODE = YES;
				CLANG_WARN__DUPLICATE_METHOD_MATCH = YES;
				COPY_PHASE_STRIP = NO;
				DEBUG_INFORMATION_FORMAT = dwarf;
				ENABLE_STRICT_OBJC_MSGSEND = YES;
				ENABLE_TESTABILITY = YES;
				GCC_C_LANGUAGE_STANDARD = gnu11;
				GCC_DYNAMIC_NO_PIC = NO;
				GCC_NO_COMMON_BLOCKS = YES;
				GCC_OPTIMIZATION_LEVEL = 0;
				GCC_PREPROCESSOR_DEFINITIONS = (
					"DEBUG=1",
					"$(inherited)",
				);
				GCC_WARN_64_TO_32_BIT_CONVERSION = YES;
				GCC_WARN_ABOUT_RETURN_TYPE = YES_ERROR;
				GCC_WARN_UNDECLARED_SELECTOR = YES;
				GCC_WARN_UNINITIALIZED_AUTOS = YES_AGGRESSIVE;
				GCC_WARN_UNUSED_FUNCTION = YES;
				GCC_WARN_UNUSED_VARIABLE = YES;
				IPHONEOS_DEPLOYMENT_TARGET = 15.5;
				MTL_ENABLE_DEBUG_INFO = INCLUDE_SOURCE;
				MTL_FAST_MATH = YES;
				ONLY_ACTIVE_ARCH = YES;
				SDKROOT = iphoneos;
				SWIFT_ACTIVE_COMPILATION_CONDITIONS = DEBUG;
				SWIFT_OPTIMIZATION_LEVEL = "-Onone";
			};
			name = Debug;
		};
		EDA928592891AABB0038BC34 /* Release */ = {
			isa = XCBuildConfiguration;
			buildSettings = {
				ALWAYS_SEARCH_USER_PATHS = NO;
				CLANG_ANALYZER_NONNULL = YES;
				CLANG_ANALYZER_NUMBER_OBJECT_CONVERSION = YES_AGGRESSIVE;
				CLANG_CXX_LANGUAGE_STANDARD = "gnu++17";
				CLANG_ENABLE_MODULES = YES;
				CLANG_ENABLE_OBJC_ARC = YES;
				CLANG_ENABLE_OBJC_WEAK = YES;
				CLANG_WARN_BLOCK_CAPTURE_AUTORELEASING = YES;
				CLANG_WARN_BOOL_CONVERSION = YES;
				CLANG_WARN_COMMA = YES;
				CLANG_WARN_CONSTANT_CONVERSION = YES;
				CLANG_WARN_DEPRECATED_OBJC_IMPLEMENTATIONS = YES;
				CLANG_WARN_DIRECT_OBJC_ISA_USAGE = YES_ERROR;
				CLANG_WARN_DOCUMENTATION_COMMENTS = YES;
				CLANG_WARN_EMPTY_BODY = YES;
				CLANG_WARN_ENUM_CONVERSION = YES;
				CLANG_WARN_INFINITE_RECURSION = YES;
				CLANG_WARN_INT_CONVERSION = YES;
				CLANG_WARN_NON_LITERAL_NULL_CONVERSION = YES;
				CLANG_WARN_OBJC_IMPLICIT_RETAIN_SELF = YES;
				CLANG_WARN_OBJC_LITERAL_CONVERSION = YES;
				CLANG_WARN_OBJC_ROOT_CLASS = YES_ERROR;
				CLANG_WARN_QUOTED_INCLUDE_IN_FRAMEWORK_HEADER = YES;
				CLANG_WARN_RANGE_LOOP_ANALYSIS = YES;
				CLANG_WARN_STRICT_PROTOTYPES = YES;
				CLANG_WARN_SUSPICIOUS_MOVE = YES;
				CLANG_WARN_UNGUARDED_AVAILABILITY = YES_AGGRESSIVE;
				CLANG_WARN_UNREACHABLE_CODE = YES;
				CLANG_WARN__DUPLICATE_METHOD_MATCH = YES;
				COPY_PHASE_STRIP = NO;
				DEBUG_INFORMATION_FORMAT = "dwarf-with-dsym";
				ENABLE_NS_ASSERTIONS = NO;
				ENABLE_STRICT_OBJC_MSGSEND = YES;
				GCC_C_LANGUAGE_STANDARD = gnu11;
				GCC_NO_COMMON_BLOCKS = YES;
				GCC_WARN_64_TO_32_BIT_CONVERSION = YES;
				GCC_WARN_ABOUT_RETURN_TYPE = YES_ERROR;
				GCC_WARN_UNDECLARED_SELECTOR = YES;
				GCC_WARN_UNINITIALIZED_AUTOS = YES_AGGRESSIVE;
				GCC_WARN_UNUSED_FUNCTION = YES;
				GCC_WARN_UNUSED_VARIABLE = YES;
				IPHONEOS_DEPLOYMENT_TARGET = 15.5;
				MTL_ENABLE_DEBUG_INFO = NO;
				MTL_FAST_MATH = YES;
				SDKROOT = iphoneos;
				SWIFT_COMPILATION_MODE = wholemodule;
				SWIFT_OPTIMIZATION_LEVEL = "-O";
				VALIDATE_PRODUCT = YES;
			};
			name = Release;
		};
		EDA9285B2891AABB0038BC34 /* Debug */ = {
			isa = XCBuildConfiguration;
			buildSettings = {
				ASSETCATALOG_COMPILER_APPICON_NAME = AppIcon;
				ASSETCATALOG_COMPILER_GLOBAL_ACCENT_COLOR_NAME = AccentColor;
				CODE_SIGN_STYLE = Automatic;
				CURRENT_PROJECT_VERSION = 1;
				GENERATE_INFOPLIST_FILE = YES;
				INFOPLIST_FILE = "Birdie Golf/Resources/Info.plist";
				INFOPLIST_KEY_UIApplicationSupportsIndirectInputEvents = YES;
				INFOPLIST_KEY_UILaunchStoryboardName = LaunchScreen;
				INFOPLIST_KEY_UIMainStoryboardFile = Main;
				INFOPLIST_KEY_UISupportedInterfaceOrientations_iPad = "UIInterfaceOrientationPortrait UIInterfaceOrientationPortraitUpsideDown UIInterfaceOrientationLandscapeLeft UIInterfaceOrientationLandscapeRight";
				INFOPLIST_KEY_UISupportedInterfaceOrientations_iPhone = "UIInterfaceOrientationPortrait UIInterfaceOrientationLandscapeLeft UIInterfaceOrientationLandscapeRight";
				IPHONEOS_DEPLOYMENT_TARGET = 15.0;
				LD_RUNPATH_SEARCH_PATHS = (
					"$(inherited)",
					"@executable_path/Frameworks",
				);
				MARKETING_VERSION = 1.0;
				PRODUCT_BUNDLE_IDENTIFIER = "Tr0picalpenguin.Birdie-Golf";
				PRODUCT_NAME = "$(TARGET_NAME)";
				SWIFT_EMIT_LOC_STRINGS = YES;
				SWIFT_VERSION = 5.0;
				TARGETED_DEVICE_FAMILY = "1,2";
			};
			name = Debug;
		};
		EDA9285C2891AABB0038BC34 /* Release */ = {
			isa = XCBuildConfiguration;
			buildSettings = {
				ASSETCATALOG_COMPILER_APPICON_NAME = AppIcon;
				ASSETCATALOG_COMPILER_GLOBAL_ACCENT_COLOR_NAME = AccentColor;
				CODE_SIGN_STYLE = Automatic;
				CURRENT_PROJECT_VERSION = 1;
				GENERATE_INFOPLIST_FILE = YES;
				INFOPLIST_FILE = "Birdie Golf/Resources/Info.plist";
				INFOPLIST_KEY_UIApplicationSupportsIndirectInputEvents = YES;
				INFOPLIST_KEY_UILaunchStoryboardName = LaunchScreen;
				INFOPLIST_KEY_UIMainStoryboardFile = Main;
				INFOPLIST_KEY_UISupportedInterfaceOrientations_iPad = "UIInterfaceOrientationPortrait UIInterfaceOrientationPortraitUpsideDown UIInterfaceOrientationLandscapeLeft UIInterfaceOrientationLandscapeRight";
				INFOPLIST_KEY_UISupportedInterfaceOrientations_iPhone = "UIInterfaceOrientationPortrait UIInterfaceOrientationLandscapeLeft UIInterfaceOrientationLandscapeRight";
				IPHONEOS_DEPLOYMENT_TARGET = 15.0;
				LD_RUNPATH_SEARCH_PATHS = (
					"$(inherited)",
					"@executable_path/Frameworks",
				);
				MARKETING_VERSION = 1.0;
				PRODUCT_BUNDLE_IDENTIFIER = "Tr0picalpenguin.Birdie-Golf";
				PRODUCT_NAME = "$(TARGET_NAME)";
				SWIFT_EMIT_LOC_STRINGS = YES;
				SWIFT_VERSION = 5.0;
				TARGETED_DEVICE_FAMILY = "1,2";
			};
			name = Release;
		};
/* End XCBuildConfiguration section */

/* Begin XCConfigurationList section */
		EDA928412891AABA0038BC34 /* Build configuration list for PBXProject "Birdie Golf" */ = {
			isa = XCConfigurationList;
			buildConfigurations = (
				EDA928582891AABB0038BC34 /* Debug */,
				EDA928592891AABB0038BC34 /* Release */,
			);
			defaultConfigurationIsVisible = 0;
			defaultConfigurationName = Release;
		};
		EDA9285A2891AABB0038BC34 /* Build configuration list for PBXNativeTarget "Birdie Golf" */ = {
			isa = XCConfigurationList;
			buildConfigurations = (
				EDA9285B2891AABB0038BC34 /* Debug */,
				EDA9285C2891AABB0038BC34 /* Release */,
			);
			defaultConfigurationIsVisible = 0;
			defaultConfigurationName = Release;
		};
/* End XCConfigurationList section */
	};
	rootObject = EDA9283E2891AABA0038BC34 /* Project object */;
}
